
Microsoft Visual Studio Solution File, Format Version 12.00
# Visual Studio 15
VisualStudioVersion = 15.0.28307.106
MinimumVisualStudioVersion = 10.0.40219.1
Project("{8BC9CEB8-8B4A-11D0-8D11-00A0C91BC942}") = "example_DGESV_rowmajor", "example_DGESV_rowmajor\example_DGESV_rowmajor.vcxproj", "{39E77108-E9C2-4B1B-BCB6-F7E858228981}"
EndProject
Project("{8BC9CEB8-8B4A-11D0-8D11-00A0C91BC942}") = "example_ZGESV_rowmajor", "example_ZGESV_rowmajor\example_ZGESV_rowmajor.vcxproj", "{5C4BF9DA-86C1-4BFA-8A5A-928EFF8B50F2}"
EndProject
Global
	GlobalSection(SolutionConfigurationPlatforms) = preSolution
		Debug|x64 = Debug|x64
		Debug|x86 = Debug|x86
		Release|x64 = Release|x64
		Release|x86 = Release|x86
	EndGlobalSection
	GlobalSection(ProjectConfigurationPlatforms) = postSolution
		{39E77108-E9C2-4B1B-BCB6-F7E858228981}.Debug|x64.ActiveCfg = Debug|x64
		{39E77108-E9C2-4B1B-BCB6-F7E858228981}.Debug|x64.Build.0 = Debug|x64
		{39E77108-E9C2-4B1B-BCB6-F7E858228981}.Debug|x86.ActiveCfg = Debug|Win32
		{39E77108-E9C2-4B1B-BCB6-F7E858228981}.Debug|x86.Build.0 = Debug|Win32
		{39E77108-E9C2-4B1B-BCB6-F7E858228981}.Release|x64.ActiveCfg = Release|x64
		{39E77108-E9C2-4B1B-BCB6-F7E858228981}.Release|x64.Build.0 = Release|x64
		{39E77108-E9C2-4B1B-BCB6-F7E858228981}.Release|x86.ActiveCfg = Release|Win32
		{39E77108-E9C2-4B1B-BCB6-F7E858228981}.Release|x86.Build.0 = Release|Win32
		{5C4BF9DA-86C1-4BFA-8A5A-928EFF8B50F2}.Debug|x64.ActiveCfg = Debug|x64
		{5C4BF9DA-86C1-4BFA-8A5A-928EFF8B50F2}.Debug|x64.Build.0 = Debug|x64
		{5C4BF9DA-86C1-4BFA-8A5A-928EFF8B50F2}.Debug|x86.ActiveCfg = Debug|Win32
		{5C4BF9DA-86C1-4BFA-8A5A-928EFF8B50F2}.Debug|x86.Build.0 = Debug|Win32
		{5C4BF9DA-86C1-4BFA-8A5A-928EFF8B50F2}.Release|x64.ActiveCfg = Release|x64
		{5C4BF9DA-86C1-4BFA-8A5A-928EFF8B50F2}.Release|x64.Build.0 = Release|x64
		{5C4BF9DA-86C1-4BFA-8A5A-928EFF8B50F2}.Release|x86.ActiveCfg = Release|Win32
		{5C4BF9DA-86C1-4BFA-8A5A-928EFF8B50F2}.Release|x86.Build.0 = Release|Win32
	EndGlobalSection
	GlobalSection(SolutionProperties) = preSolution
		HideSolutionNode = FALSE
	EndGlobalSection
	GlobalSection(ExtensibilityGlobals) = postSolution
		SolutionGuid = {4D938917-15A6-40C6-AE19-2D997ABD5A00}
	EndGlobalSection
EndGlobal
